
Microsoft Visual Studio Solution File, Format Version 12.00
# Visual Studio Version 17
VisualStudioVersion = 17.1.32210.238
MinimumVisualStudioVersion = 10.0.40219.1
Project("{8BC9CEB8-8B4A-11D0-8D11-00A0C91BC942}") = "T1546_001", "T1546_001\T1546_001.vcxproj", "{E7F217A1-170D-4358-88EC-339D9866ED5C}"
EndProject
Global
	GlobalSection(SolutionConfigurationPlatforms) = preSolution
		Debug|x64 = Debug|x64
		Debug|x86 = Debug|x86
		Release|x64 = Release|x64
		Release|x86 = Release|x86
	EndGlobalSection
	GlobalSection(ProjectConfigurationPlatforms) = postSolution
		{E7F217A1-170D-4358-88EC-339D9866ED5C}.Debug|x64.ActiveCfg = Debug|x64
		{E7F217A1-170D-4358-88EC-339D9866ED5C}.Debug|x64.Build.0 = Debug|x64
		{E7F217A1-170D-4358-88EC-339D9866ED5C}.Debug|x86.ActiveCfg = Debug|Win32
		{E7F217A1-170D-4358-88EC-339D9866ED5C}.Debug|x86.Build.0 = Debug|Win32
		{E7F217A1-170D-4358-88EC-339D9866ED5C}.Release|x64.ActiveCfg = Release|x64
		{E7F217A1-170D-4358-88EC-339D9866ED5C}.Release|x64.Build.0 = Release|x64
		{E7F217A1-170D-4358-88EC-339D9866ED5C}.Release|x86.ActiveCfg = Release|Win32
		{E7F217A1-170D-4358-88EC-339D9866ED5C}.Release|x86.Build.0 = Release|Win32
	EndGlobalSection
	GlobalSection(SolutionProperties) = preSolution
		HideSolutionNode = FALSE
	EndGlobalSection
	GlobalSection(ExtensibilityGlobals) = postSolution
		SolutionGuid = {0154449A-8C39-49D3-8C16-76B6803F45F6}
	EndGlobalSection
EndGlobal
